{
  "name": "lara-vue",
  "lockfileVersion": 2,
  "requires": true,
  "packages": {
    "": {
      "dependencies": {
        "intus": "^0.0.4"
      }
    },
    "node_modules/intus": {
      "version": "0.0.4",
      "resolved": "https://registry.npmjs.org/intus/-/intus-0.0.4.tgz",
      "integrity": "sha512-5KgO1yeNrHWgk071opWIuKNfO+qwS4HOg3m2bApwnvnLImLvQKxdeLAvKYJGUecQ2RFUI7/GntD/CewJEVtvQw=="
    }
  },
  "dependencies": {
    "intus": {
      "version": "0.0.4",
      "resolved": "https://registry.npmjs.org/intus/-/intus-0.0.4.tgz",
      "integrity": "sha512-5KgO1yeNrHWgk071opWIuKNfO+qwS4HOg3m2bApwnvnLImLvQKxdeLAvKYJGUecQ2RFUI7/GntD/CewJEVtvQw=="
    }
  }
}
